// !$*UTF8*$!
{
	archiveVersion = 1;
	classes = {
	};
	objectVersion = 50;
	objects = {

/* Begin PBXBuildFile section */
		600B327E22006E860011AB22 /* FirstViewController.swift in Sources */ = {isa = PBXBuildFile; fileRef = 600B327D22006E860011AB22 /* FirstViewController.swift */; };
		600B328022006E8E0011AB22 /* SecondViewController.swift in Sources */ = {isa = PBXBuildFile; fileRef = 600B327F22006E8E0011AB22 /* SecondViewController.swift */; };
		600B328222006EA10011AB22 /* ThirdViewController.swift in Sources */ = {isa = PBXBuildFile; fileRef = 600B328122006EA10011AB22 /* ThirdViewController.swift */; };
		600B3293220070B10011AB22 /* checkmark@2x.png in Resources */ = {isa = PBXBuildFile; fileRef = 600B3286220070B00011AB22 /* checkmark@2x.png */; };
		600B3294220070B10011AB22 /* file-tree.png in Resources */ = {isa = PBXBuildFile; fileRef = 600B3287220070B00011AB22 /* file-tree.png */; };
		600B3295220070B10011AB22 /* connectivity-bar.png in Resources */ = {isa = PBXBuildFile; fileRef = 600B3288220070B00011AB22 /* connectivity-bar.png */; };
		600B3296220070B10011AB22 /* menubar-bg.png in Resources */ = {isa = PBXBuildFile; fileRef = 600B3289220070B10011AB22 /* menubar-bg.png */; };
		600B3297220070B10011AB22 /* designbump@2x.png in Resources */ = {isa = PBXBuildFile; fileRef = 600B328A220070B10011AB22 /* designbump@2x.png */; };
		600B3298220070B10011AB22 /* facebook@2x.png in Resources */ = {isa = PBXBuildFile; fileRef = 600B328B220070B10011AB22 /* facebook@2x.png */; };
		600B3299220070B10011AB22 /* rss@2x.png in Resources */ = {isa = PBXBuildFile; fileRef = 600B328C220070B10011AB22 /* rss@2x.png */; };
		600B329A220070B10011AB22 /* calendar.png in Resources */ = {isa = PBXBuildFile; fileRef = 600B328D220070B10011AB22 /* calendar.png */; };
		600B329B220070B10011AB22 /* photo.png in Resources */ = {isa = PBXBuildFile; fileRef = 600B328E220070B10011AB22 /* photo.png */; };
		600B329C220070B10011AB22 /* homes_119.png in Resources */ = {isa = PBXBuildFile; fileRef = 600B328F220070B10011AB22 /* homes_119.png */; };
		600B329D220070B10011AB22 /* google@2x.png in Resources */ = {isa = PBXBuildFile; fileRef = 600B3290220070B10011AB22 /* google@2x.png */; };
		600B329E220070B10011AB22 /* twitter@2x.png in Resources */ = {isa = PBXBuildFile; fileRef = 600B3291220070B10011AB22 /* twitter@2x.png */; };
		600B329F220070B10011AB22 /* menubar-bg-mini.png in Resources */ = {isa = PBXBuildFile; fileRef = 600B3292220070B10011AB22 /* menubar-bg-mini.png */; };
		600B32A122007F250011AB22 /* CustomizedAppDelegate.swift in Sources */ = {isa = PBXBuildFile; fileRef = 600B32A022007F250011AB22 /* CustomizedAppDelegate.swift */; };
		60B2ED2921F76DD700689EB1 /* AppDelegate.swift in Sources */ = {isa = PBXBuildFile; fileRef = 60B2ED2821F76DD700689EB1 /* AppDelegate.swift */; };
		60B2ED2B21F76DD700689EB1 /* ViewController.swift in Sources */ = {isa = PBXBuildFile; fileRef = 60B2ED2A21F76DD700689EB1 /* ViewController.swift */; };
		60B2ED2E21F76DD700689EB1 /* Main.storyboard in Resources */ = {isa = PBXBuildFile; fileRef = 60B2ED2C21F76DD700689EB1 /* Main.storyboard */; };
		60B2ED3021F76DD900689EB1 /* Assets.xcassets in Resources */ = {isa = PBXBuildFile; fileRef = 60B2ED2F21F76DD900689EB1 /* Assets.xcassets */; };
		60B2ED3321F76DD900689EB1 /* LaunchScreen.storyboard in Resources */ = {isa = PBXBuildFile; fileRef = 60B2ED3121F76DD900689EB1 /* LaunchScreen.storyboard */; };
		60B2ED5821F77DC400689EB1 /* ReadViewController.swift in Sources */ = {isa = PBXBuildFile; fileRef = 60B2ED5721F77DC400689EB1 /* ReadViewController.swift */; };
		60C70BD621F7827B00E0665D /* SDMiSaeng.ttf in Resources */ = {isa = PBXBuildFile; fileRef = 60C70BD521F7827B00E0665D /* SDMiSaeng.ttf */; };
/* End PBXBuildFile section */

/* Begin PBXContainerItemProxy section */
		60B2ED3A21F76DD900689EB1 /* PBXContainerItemProxy */ = {
			isa = PBXContainerItemProxy;
			containerPortal = 60B2ED1D21F76DD700689EB1 /* Project object */;
			proxyType = 1;
			remoteGlobalIDString = 60B2ED2421F76DD700689EB1;
			remoteInfo = "Button Hell";
		};
		60B2ED4521F76DD900689EB1 /* PBXContainerItemProxy */ = {
			isa = PBXContainerItemProxy;
			containerPortal = 60B2ED1D21F76DD700689EB1 /* Project object */;
			proxyType = 1;
			remoteGlobalIDString = 60B2ED2421F76DD700689EB1;
			remoteInfo = "Button Hell";
		};
/* End PBXContainerItemProxy section */

/* Begin PBXFileReference section */
		600B327D22006E860011AB22 /* FirstViewController.swift */ = {isa = PBXFileReference; lastKnownFileType = sourcecode.swift; path = FirstViewController.swift; sourceTree = "<group>"; };
		600B327F22006E8E0011AB22 /* SecondViewController.swift */ = {isa = PBXFileReference; lastKnownFileType = sourcecode.swift; path = SecondViewController.swift; sourceTree = "<group>"; };
		600B328122006EA10011AB22 /* ThirdViewController.swift */ = {isa = PBXFileReference; lastKnownFileType = sourcecode.swift; path = ThirdViewController.swift; sourceTree = "<group>"; };
		600B3286220070B00011AB22 /* checkmark@2x.png */ = {isa = PBXFileReference; lastKnownFileType = image.png; path = "checkmark@2x.png"; sourceTree = "<group>"; };
		600B3287220070B00011AB22 /* file-tree.png */ = {isa = PBXFileReference; lastKnownFileType = image.png; path = "file-tree.png"; sourceTree = "<group>"; };
		600B3288220070B00011AB22 /* connectivity-bar.png */ = {isa = PBXFileReference; lastKnownFileType = image.png; path = "connectivity-bar.png"; sourceTree = "<group>"; };
		600B3289220070B10011AB22 /* menubar-bg.png */ = {isa = PBXFileReference; lastKnownFileType = image.png; path = "menubar-bg.png"; sourceTree = "<group>"; };
		600B328A220070B10011AB22 /* designbump@2x.png */ = {isa = PBXFileReference; lastKnownFileType = image.png; path = "designbump@2x.png"; sourceTree = "<group>"; };
		600B328B220070B10011AB22 /* facebook@2x.png */ = {isa = PBXFileReference; lastKnownFileType = image.png; path = "facebook@2x.png"; sourceTree = "<group>"; };
		600B328C220070B10011AB22 /* rss@2x.png */ = {isa = PBXFileReference; lastKnownFileType = image.png; path = "rss@2x.png"; sourceTree = "<group>"; };
		600B328D220070B10011AB22 /* calendar.png */ = {isa = PBXFileReference; lastKnownFileType = image.png; path = calendar.png; sourceTree = "<group>"; };
		600B328E220070B10011AB22 /* photo.png */ = {isa = PBXFileReference; lastKnownFileType = image.png; path = photo.png; sourceTree = "<group>"; };
		600B328F220070B10011AB22 /* homes_119.png */ = {isa = PBXFileReference; lastKnownFileType = image.png; path = homes_119.png; sourceTree = "<group>"; };
		600B3290220070B10011AB22 /* google@2x.png */ = {isa = PBXFileReference; lastKnownFileType = image.png; path = "google@2x.png"; sourceTree = "<group>"; };
		600B3291220070B10011AB22 /* twitter@2x.png */ = {isa = PBXFileReference; lastKnownFileType = image.png; path = "twitter@2x.png"; sourceTree = "<group>"; };
		600B3292220070B10011AB22 /* menubar-bg-mini.png */ = {isa = PBXFileReference; lastKnownFileType = image.png; path = "menubar-bg-mini.png"; sourceTree = "<group>"; };
		600B32A022007F250011AB22 /* CustomizedAppDelegate.swift */ = {isa = PBXFileReference; lastKnownFileType = sourcecode.swift; path = CustomizedAppDelegate.swift; sourceTree = "<group>"; };
		60B2ED2521F76DD700689EB1 /* Button Hell.app */ = {isa = PBXFileReference; explicitFileType = wrapper.application; includeInIndex = 0; path = "Button Hell.app"; sourceTree = BUILT_PRODUCTS_DIR; };
		60B2ED2821F76DD700689EB1 /* AppDelegate.swift */ = {isa = PBXFileReference; lastKnownFileType = sourcecode.swift; path = AppDelegate.swift; sourceTree = "<group>"; };
		60B2ED2A21F76DD700689EB1 /* ViewController.swift */ = {isa = PBXFileReference; lastKnownFileType = sourcecode.swift; path = ViewController.swift; sourceTree = "<group>"; };
		60B2ED2D21F76DD700689EB1 /* Base */ = {isa = PBXFileReference; lastKnownFileType = file.storyboard; name = Base; path = Base.lproj/Main.storyboard; sourceTree = "<group>"; };
		60B2ED2F21F76DD900689EB1 /* Assets.xcassets */ = {isa = PBXFileReference; lastKnownFileType = folder.assetcatalog; path = Assets.xcassets; sourceTree = "<group>"; };
		60B2ED3221F76DD900689EB1 /* Base */ = {isa = PBXFileReference; lastKnownFileType = file.storyboard; name = Base; path = Base.lproj/LaunchScreen.storyboard; sourceTree = "<group>"; };
		60B2ED3421F76DD900689EB1 /* Info.plist */ = {isa = PBXFileReference; lastKnownFileType = text.plist.xml; path = Info.plist; sourceTree = "<group>"; };
		60B2ED3921F76DD900689EB1 /* Button HellTests.xctest */ = {isa = PBXFileReference; explicitFileType = wrapper.cfbundle; includeInIndex = 0; path = "Button HellTests.xctest"; sourceTree = BUILT_PRODUCTS_DIR; };
		60B2ED4421F76DD900689EB1 /* Button HellUITests.xctest */ = {isa = PBXFileReference; explicitFileType = wrapper.cfbundle; includeInIndex = 0; path = "Button HellUITests.xctest"; sourceTree = BUILT_PRODUCTS_DIR; };
		60B2ED5721F77DC400689EB1 /* ReadViewController.swift */ = {isa = PBXFileReference; lastKnownFileType = sourcecode.swift; path = ReadViewController.swift; sourceTree = "<group>"; };
		60C70BD521F7827B00E0665D /* SDMiSaeng.ttf */ = {isa = PBXFileReference; lastKnownFileType = file; path = SDMiSaeng.ttf; sourceTree = "<group>"; };
/* End PBXFileReference section */

/* Begin PBXFrameworksBuildPhase section */
		60B2ED2221F76DD700689EB1 /* Frameworks */ = {
			isa = PBXFrameworksBuildPhase;
			buildActionMask = 2147483647;
			files = (
			);
			runOnlyForDeploymentPostprocessing = 0;
		};
		60B2ED3621F76DD900689EB1 /* Frameworks */ = {
			isa = PBXFrameworksBuildPhase;
			buildActionMask = 2147483647;
			files = (
			);
			runOnlyForDeploymentPostprocessing = 0;
		};
		60B2ED4121F76DD900689EB1 /* Frameworks */ = {
			isa = PBXFrameworksBuildPhase;
			buildActionMask = 2147483647;
			files = (
			);
			runOnlyForDeploymentPostprocessing = 0;
		};
/* End PBXFrameworksBuildPhase section */

/* Begin PBXGroup section */
		600B328322006EA90011AB22 /* Customized Tab Bar Controller */ = {
			isa = PBXGroup;
			children = (
				600B327D22006E860011AB22 /* FirstViewController.swift */,
				600B327F22006E8E0011AB22 /* SecondViewController.swift */,
				600B328122006EA10011AB22 /* ThirdViewController.swift */,
				600B32A022007F250011AB22 /* CustomizedAppDelegate.swift */,
			);
			path = "Customized Tab Bar Controller";
			sourceTree = "<group>";
		};
		600B328422006EC20011AB22 /* Customized Navigation Controller */ = {
			isa = PBXGroup;
			children = (
				60B2ED2A21F76DD700689EB1 /* ViewController.swift */,
			);
			path = "Customized Navigation Controller";
			sourceTree = "<group>";
		};
		600B3285220070370011AB22 /* Resources */ = {
			isa = PBXGroup;
			children = (
				600B328D220070B10011AB22 /* calendar.png */,
				600B3286220070B00011AB22 /* checkmark@2x.png */,
				600B3288220070B00011AB22 /* connectivity-bar.png */,
				600B328A220070B10011AB22 /* designbump@2x.png */,
				600B328B220070B10011AB22 /* facebook@2x.png */,
				600B3287220070B00011AB22 /* file-tree.png */,
				600B3290220070B10011AB22 /* google@2x.png */,
				600B328F220070B10011AB22 /* homes_119.png */,
				600B3292220070B10011AB22 /* menubar-bg-mini.png */,
				600B3289220070B10011AB22 /* menubar-bg.png */,
				600B328E220070B10011AB22 /* photo.png */,
				600B328C220070B10011AB22 /* rss@2x.png */,
				600B3291220070B10011AB22 /* twitter@2x.png */,
				60C70BD521F7827B00E0665D /* SDMiSaeng.ttf */,
			);
			path = Resources;
			sourceTree = "<group>";
		};
		60B2ED1C21F76DD700689EB1 = {
			isa = PBXGroup;
			children = (
				60B2ED2721F76DD700689EB1 /* Customized Views */,
				60B2ED2621F76DD700689EB1 /* Products */,
			);
			sourceTree = "<group>";
		};
		60B2ED2621F76DD700689EB1 /* Products */ = {
			isa = PBXGroup;
			children = (
				60B2ED2521F76DD700689EB1 /* Button Hell.app */,
				60B2ED3921F76DD900689EB1 /* Button HellTests.xctest */,
				60B2ED4421F76DD900689EB1 /* Button HellUITests.xctest */,
			);
			name = Products;
			sourceTree = "<group>";
		};
		60B2ED2721F76DD700689EB1 /* Customized Views */ = {
			isa = PBXGroup;
			children = (
				600B3285220070370011AB22 /* Resources */,
				60B2ED2821F76DD700689EB1 /* AppDelegate.swift */,
				600B328422006EC20011AB22 /* Customized Navigation Controller */,
				600B328322006EA90011AB22 /* Customized Tab Bar Controller */,
				60B2ED2C21F76DD700689EB1 /* Main.storyboard */,
				60B2ED2F21F76DD900689EB1 /* Assets.xcassets */,
				60B2ED3121F76DD900689EB1 /* LaunchScreen.storyboard */,
				60B2ED3421F76DD900689EB1 /* Info.plist */,
				60B2ED5721F77DC400689EB1 /* ReadViewController.swift */,
			);
			path = "Customized Views";
			sourceTree = "<group>";
		};
/* End PBXGroup section */

/* Begin PBXNativeTarget section */
		60B2ED2421F76DD700689EB1 /* Button Hell */ = {
			isa = PBXNativeTarget;
			buildConfigurationList = 60B2ED4D21F76DD900689EB1 /* Build configuration list for PBXNativeTarget "Button Hell" */;
			buildPhases = (
				60B2ED2121F76DD700689EB1 /* Sources */,
				60B2ED2221F76DD700689EB1 /* Frameworks */,
				60B2ED2321F76DD700689EB1 /* Resources */,
			);
			buildRules = (
			);
			dependencies = (
			);
			name = "Button Hell";
			productName = "Button Hell";
			productReference = 60B2ED2521F76DD700689EB1 /* Button Hell.app */;
			productType = "com.apple.product-type.application";
		};
		60B2ED3821F76DD900689EB1 /* Button HellTests */ = {
			isa = PBXNativeTarget;
			buildConfigurationList = 60B2ED5021F76DD900689EB1 /* Build configuration list for PBXNativeTarget "Button HellTests" */;
			buildPhases = (
				60B2ED3521F76DD900689EB1 /* Sources */,
				60B2ED3621F76DD900689EB1 /* Frameworks */,
				60B2ED3721F76DD900689EB1 /* Resources */,
			);
			buildRules = (
			);
			dependencies = (
				60B2ED3B21F76DD900689EB1 /* PBXTargetDependency */,
			);
			name = "Button HellTests";
			productName = "Button HellTests";
			productReference = 60B2ED3921F76DD900689EB1 /* Button HellTests.xctest */;
			productType = "com.apple.product-type.bundle.unit-test";
		};
		60B2ED4321F76DD900689EB1 /* Button HellUITests */ = {
			isa = PBXNativeTarget;
			buildConfigurationList = 60B2ED5321F76DD900689EB1 /* Build configuration list for PBXNativeTarget "Button HellUITests" */;
			buildPhases = (
				60B2ED4021F76DD900689EB1 /* Sources */,
				60B2ED4121F76DD900689EB1 /* Frameworks */,
				60B2ED4221F76DD900689EB1 /* Resources */,
			);
			buildRules = (
			);
			dependencies = (
				60B2ED4621F76DD900689EB1 /* PBXTargetDependency */,
			);
			name = "Button HellUITests";
			productName = "Button HellUITests";
			productReference = 60B2ED4421F76DD900689EB1 /* Button HellUITests.xctest */;
			productType = "com.apple.product-type.bundle.ui-testing";
		};
/* End PBXNativeTarget section */

/* Begin PBXProject section */
		60B2ED1D21F76DD700689EB1 /* Project object */ = {
			isa = PBXProject;
			attributes = {
				LastSwiftUpdateCheck = 1010;
				LastUpgradeCheck = 1010;
				ORGANIZATIONNAME = hkim;
				TargetAttributes = {
					60B2ED2421F76DD700689EB1 = {
						CreatedOnToolsVersion = 10.1;
					};
					60B2ED3821F76DD900689EB1 = {
						CreatedOnToolsVersion = 10.1;
						TestTargetID = 60B2ED2421F76DD700689EB1;
					};
					60B2ED4321F76DD900689EB1 = {
						CreatedOnToolsVersion = 10.1;
						TestTargetID = 60B2ED2421F76DD700689EB1;
					};
				};
			};
			buildConfigurationList = 60B2ED2021F76DD700689EB1 /* Build configuration list for PBXProject "Customized Views" */;
			compatibilityVersion = "Xcode 9.3";
			developmentRegion = en;
			hasScannedForEncodings = 0;
			knownRegions = (
				en,
				Base,
			);
			mainGroup = 60B2ED1C21F76DD700689EB1;
			productRefGroup = 60B2ED2621F76DD700689EB1 /* Products */;
			projectDirPath = "";
			projectRoot = "";
			targets = (
				60B2ED2421F76DD700689EB1 /* Button Hell */,
				60B2ED3821F76DD900689EB1 /* Button HellTests */,
				60B2ED4321F76DD900689EB1 /* Button HellUITests */,
			);
		};
/* End PBXProject section */

/* Begin PBXResourcesBuildPhase section */
		60B2ED2321F76DD700689EB1 /* Resources */ = {
			isa = PBXResourcesBuildPhase;
			buildActionMask = 2147483647;
			files = (
				600B329C220070B10011AB22 /* homes_119.png in Resources */,
				600B329D220070B10011AB22 /* google@2x.png in Resources */,
				600B3298220070B10011AB22 /* facebook@2x.png in Resources */,
				600B329A220070B10011AB22 /* calendar.png in Resources */,
				600B329B220070B10011AB22 /* photo.png in Resources */,
				60C70BD621F7827B00E0665D /* SDMiSaeng.ttf in Resources */,
				600B3296220070B10011AB22 /* menubar-bg.png in Resources */,
				60B2ED3321F76DD900689EB1 /* LaunchScreen.storyboard in Resources */,
				60B2ED3021F76DD900689EB1 /* Assets.xcassets in Resources */,
				600B3295220070B10011AB22 /* connectivity-bar.png in Resources */,
				600B3294220070B10011AB22 /* file-tree.png in Resources */,
				600B3297220070B10011AB22 /* designbump@2x.png in Resources */,
				60B2ED2E21F76DD700689EB1 /* Main.storyboard in Resources */,
				600B329F220070B10011AB22 /* menubar-bg-mini.png in Resources */,
				600B3299220070B10011AB22 /* rss@2x.png in Resources */,
				600B329E220070B10011AB22 /* twitter@2x.png in Resources */,
				600B3293220070B10011AB22 /* checkmark@2x.png in Resources */,
			);
			runOnlyForDeploymentPostprocessing = 0;
		};
		60B2ED3721F76DD900689EB1 /* Resources */ = {
			isa = PBXResourcesBuildPhase;
			buildActionMask = 2147483647;
			files = (
			);
			runOnlyForDeploymentPostprocessing = 0;
		};
		60B2ED4221F76DD900689EB1 /* Resources */ = {
			isa = PBXResourcesBuildPhase;
			buildActionMask = 2147483647;
			files = (
			);
			runOnlyForDeploymentPostprocessing = 0;
		};
/* End PBXResourcesBuildPhase section */

/* Begin PBXSourcesBuildPhase section */
		60B2ED2121F76DD700689EB1 /* Sources */ = {
			isa = PBXSourcesBuildPhase;
			buildActionMask = 2147483647;
			files = (
				60B2ED2B21F76DD700689EB1 /* ViewController.swift in Sources */,
				60B2ED5821F77DC400689EB1 /* ReadViewController.swift in Sources */,
				60B2ED2921F76DD700689EB1 /* AppDelegate.swift in Sources */,
				600B328022006E8E0011AB22 /* SecondViewController.swift in Sources */,
				600B328222006EA10011AB22 /* ThirdViewController.swift in Sources */,
				600B327E22006E860011AB22 /* FirstViewController.swift in Sources */,
				600B32A122007F250011AB22 /* CustomizedAppDelegate.swift in Sources */,
			);
			runOnlyForDeploymentPostprocessing = 0;
		};
		60B2ED3521F76DD900689EB1 /* Sources */ = {
			isa = PBXSourcesBuildPhase;
			buildActionMask = 2147483647;
			files = (
			);
			runOnlyForDeploymentPostprocessing = 0;
		};
		60B2ED4021F76DD900689EB1 /* Sources */ = {
			isa = PBXSourcesBuildPhase;
			buildActionMask = 2147483647;
			files = (
			);
			runOnlyForDeploymentPostprocessing = 0;
		};
/* End PBXSourcesBuildPhase section */

/* Begin PBXTargetDependency section */
		60B2ED3B21F76DD900689EB1 /* PBXTargetDependency */ = {
			isa = PBXTargetDependency;
			target = 60B2ED2421F76DD700689EB1 /* Button Hell */;
			targetProxy = 60B2ED3A21F76DD900689EB1 /* PBXContainerItemProxy */;
		};
		60B2ED4621F76DD900689EB1 /* PBXTargetDependency */ = {
			isa = PBXTargetDependency;
			target = 60B2ED2421F76DD700689EB1 /* Button Hell */;
			targetProxy = 60B2ED4521F76DD900689EB1 /* PBXContainerItemProxy */;
		};
/* End PBXTargetDependency section */

/* Begin PBXVariantGroup section */
		60B2ED2C21F76DD700689EB1 /* Main.storyboard */ = {
			isa = PBXVariantGroup;
			children = (
				60B2ED2D21F76DD700689EB1 /* Base */,
			);
			name = Main.storyboard;
			sourceTree = "<group>";
		};
		60B2ED3121F76DD900689EB1 /* LaunchScreen.storyboard */ = {
			isa = PBXVariantGroup;
			children = (
				60B2ED3221F76DD900689EB1 /* Base */,
			);
			name = LaunchScreen.storyboard;
			sourceTree = "<group>";
		};
/* End PBXVariantGroup section */

/* Begin XCBuildConfiguration section */
		60B2ED4B21F76DD900689EB1 /* Debug */ = {
			isa = XCBuildConfiguration;
			buildSettings = {
				ALWAYS_SEARCH_USER_PATHS = NO;
				CLANG_ANALYZER_NONNULL = YES;
				CLANG_ANALYZER_NUMBER_OBJECT_CONVERSION = YES_AGGRESSIVE;
				CLANG_CXX_LANGUAGE_STANDARD = "gnu++14";
				CLANG_CXX_LIBRARY = "libc++";
				CLANG_ENABLE_MODULES = YES;
				CLANG_ENABLE_OBJC_ARC = YES;
				CLANG_ENABLE_OBJC_WEAK = YES;
				CLANG_WARN_BLOCK_CAPTURE_AUTORELEASING = YES;
				CLANG_WARN_BOOL_CONVERSION = YES;
				CLANG_WARN_COMMA = YES;
				CLANG_WARN_CONSTANT_CONVERSION = YES;
				CLANG_WARN_DEPRECATED_OBJC_IMPLEMENTATIONS = YES;
				CLANG_WARN_DIRECT_OBJC_ISA_USAGE = YES_ERROR;
				CLANG_WARN_DOCUMENTATION_COMMENTS = YES;
				CLANG_WARN_EMPTY_BODY = YES;
				CLANG_WARN_ENUM_CONVERSION = YES;
				CLANG_WARN_INFINITE_RECURSION = YES;
				CLANG_WARN_INT_CONVERSION = YES;
				CLANG_WARN_NON_LITERAL_NULL_CONVERSION = YES;
				CLANG_WARN_OBJC_IMPLICIT_RETAIN_SELF = YES;
				CLANG_WARN_OBJC_LITERAL_CONVERSION = YES;
				CLANG_WARN_OBJC_ROOT_CLASS = YES_ERROR;
				CLANG_WARN_RANGE_LOOP_ANALYSIS = YES;
				CLANG_WARN_STRICT_PROTOTYPES = YES;
				CLANG_WARN_SUSPICIOUS_MOVE = YES;
				CLANG_WARN_UNGUARDED_AVAILABILITY = YES_AGGRESSIVE;
				CLANG_WARN_UNREACHABLE_CODE = YES;
				CLANG_WARN__DUPLICATE_METHOD_MATCH = YES;
				CODE_SIGN_IDENTITY = "iPhone Developer";
				COPY_PHASE_STRIP = NO;
				DEBUG_INFORMATION_FORMAT = dwarf;
				ENABLE_STRICT_OBJC_MSGSEND = YES;
				ENABLE_TESTABILITY = YES;
				GCC_C_LANGUAGE_STANDARD = gnu11;
				GCC_DYNAMIC_NO_PIC = NO;
				GCC_NO_COMMON_BLOCKS = YES;
				GCC_OPTIMIZATION_LEVEL = 0;
				GCC_PREPROCESSOR_DEFINITIONS = (
					"DEBUG=1",
					"$(inherited)",
				);
				GCC_WARN_64_TO_32_BIT_CONVERSION = YES;
				GCC_WARN_ABOUT_RETURN_TYPE = YES_ERROR;
				GCC_WARN_UNDECLARED_SELECTOR = YES;
				GCC_WARN_UNINITIALIZED_AUTOS = YES_AGGRESSIVE;
				GCC_WARN_UNUSED_FUNCTION = YES;
				GCC_WARN_UNUSED_VARIABLE = YES;
				IPHONEOS_DEPLOYMENT_TARGET = 12.1;
				MTL_ENABLE_DEBUG_INFO = INCLUDE_SOURCE;
				MTL_FAST_MATH = YES;
				ONLY_ACTIVE_ARCH = YES;
				SDKROOT = iphoneos;
				SWIFT_ACTIVE_COMPILATION_CONDITIONS = DEBUG;
				SWIFT_OPTIMIZATION_LEVEL = "-Onone";
			};
			name = Debug;
		};
		60B2ED4C21F76DD900689EB1 /* Release */ = {
			isa = XCBuildConfiguration;
			buildSettings = {
				ALWAYS_SEARCH_USER_PATHS = NO;
				CLANG_ANALYZER_NONNULL = YES;
				CLANG_ANALYZER_NUMBER_OBJECT_CONVERSION = YES_AGGRESSIVE;
				CLANG_CXX_LANGUAGE_STANDARD = "gnu++14";
				CLANG_CXX_LIBRARY = "libc++";
				CLANG_ENABLE_MODULES = YES;
				CLANG_ENABLE_OBJC_ARC = YES;
				CLANG_ENABLE_OBJC_WEAK = YES;
				CLANG_WARN_BLOCK_CAPTURE_AUTORELEASING = YES;
				CLANG_WARN_BOOL_CONVERSION = YES;
				CLANG_WARN_COMMA = YES;
				CLANG_WARN_CONSTANT_CONVERSION = YES;
				CLANG_WARN_DEPRECATED_OBJC_IMPLEMENTATIONS = YES;
				CLANG_WARN_DIRECT_OBJC_ISA_USAGE = YES_ERROR;
				CLANG_WARN_DOCUMENTATION_COMMENTS = YES;
				CLANG_WARN_EMPTY_BODY = YES;
				CLANG_WARN_ENUM_CONVERSION = YES;
				CLANG_WARN_INFINITE_RECURSION = YES;
				CLANG_WARN_INT_CONVERSION = YES;
				CLANG_WARN_NON_LITERAL_NULL_CONVERSION = YES;
				CLANG_WARN_OBJC_IMPLICIT_RETAIN_SELF = YES;
				CLANG_WARN_OBJC_LITERAL_CONVERSION = YES;
				CLANG_WARN_OBJC_ROOT_CLASS = YES_ERROR;
				CLANG_WARN_RANGE_LOOP_ANALYSIS = YES;
				CLANG_WARN_STRICT_PROTOTYPES = YES;
				CLANG_WARN_SUSPICIOUS_MOVE = YES;
				CLANG_WARN_UNGUARDED_AVAILABILITY = YES_AGGRESSIVE;
				CLANG_WARN_UNREACHABLE_CODE = YES;
				CLANG_WARN__DUPLICATE_METHOD_MATCH = YES;
				CODE_SIGN_IDENTITY = "iPhone Developer";
				COPY_PHASE_STRIP = NO;
				DEBUG_INFORMATION_FORMAT = "dwarf-with-dsym";
				ENABLE_NS_ASSERTIONS = NO;
				ENABLE_STRICT_OBJC_MSGSEND = YES;
				GCC_C_LANGUAGE_STANDARD = gnu11;
				GCC_NO_COMMON_BLOCKS = YES;
				GCC_WARN_64_TO_32_BIT_CONVERSION = YES;
				GCC_WARN_ABOUT_RETURN_TYPE = YES_ERROR;
				GCC_WARN_UNDECLARED_SELECTOR = YES;
				GCC_WARN_UNINITIALIZED_AUTOS = YES_AGGRESSIVE;
				GCC_WARN_UNUSED_FUNCTION = YES;
				GCC_WARN_UNUSED_VARIABLE = YES;
				IPHONEOS_DEPLOYMENT_TARGET = 12.1;
				MTL_ENABLE_DEBUG_INFO = NO;
				MTL_FAST_MATH = YES;
				SDKROOT = iphoneos;
				SWIFT_COMPILATION_MODE = wholemodule;
				SWIFT_OPTIMIZATION_LEVEL = "-O";
				VALIDATE_PRODUCT = YES;
			};
			name = Release;
		};
		60B2ED4E21F76DD900689EB1 /* Debug */ = {
			isa = XCBuildConfiguration;
			buildSettings = {
				ASSETCATALOG_COMPILER_APPICON_NAME = AppIcon;
				CODE_SIGN_STYLE = Automatic;
				INFOPLIST_FILE = "$(SRCROOT)/Customized Views/Info.plist";
				LD_RUNPATH_SEARCH_PATHS = (
					"$(inherited)",
					"@executable_path/Frameworks",
				);
				PRODUCT_BUNDLE_IDENTIFIER = com.hkim.CustomizedViews;
				PRODUCT_NAME = "$(TARGET_NAME)";
				SWIFT_VERSION = 4.2;
				TARGETED_DEVICE_FAMILY = "1,2";
			};
			name = Debug;
		};
		60B2ED4F21F76DD900689EB1 /* Release */ = {
			isa = XCBuildConfiguration;
			buildSettings = {
				ASSETCATALOG_COMPILER_APPICON_NAME = AppIcon;
				CODE_SIGN_STYLE = Automatic;
				INFOPLIST_FILE = "$(SRCROOT)/Customized Views/Info.plist";
				LD_RUNPATH_SEARCH_PATHS = (
					"$(inherited)",
					"@executable_path/Frameworks",
				);
				PRODUCT_BUNDLE_IDENTIFIER = com.hkim.CustomizedViews;
				PRODUCT_NAME = "$(TARGET_NAME)";
				SWIFT_VERSION = 4.2;
				TARGETED_DEVICE_FAMILY = "1,2";
			};
			name = Release;
		};
		60B2ED5121F76DD900689EB1 /* Debug */ = {
			isa = XCBuildConfiguration;
			buildSettings = {
				ALWAYS_EMBED_SWIFT_STANDARD_LIBRARIES = YES;
				BUNDLE_LOADER = "$(TEST_HOST)";
				CODE_SIGN_STYLE = Automatic;
				INFOPLIST_FILE = "Button HellTests/Info.plist";
				LD_RUNPATH_SEARCH_PATHS = (
					"$(inherited)",
					"@executable_path/Frameworks",
					"@loader_path/Frameworks",
				);
				PRODUCT_BUNDLE_IDENTIFIER = "com.hkim.Button-HellTests";
				PRODUCT_NAME = "$(TARGET_NAME)";
				SWIFT_VERSION = 4.2;
				TARGETED_DEVICE_FAMILY = "1,2";
				TEST_HOST = "$(BUILT_PRODUCTS_DIR)/Button Hell.app/Button Hell";
			};
			name = Debug;
		};
		60B2ED5221F76DD900689EB1 /* Release */ = {
			isa = XCBuildConfiguration;
			buildSettings = {
				ALWAYS_EMBED_SWIFT_STANDARD_LIBRARIES = YES;
				BUNDLE_LOADER = "$(TEST_HOST)";
				CODE_SIGN_STYLE = Automatic;
				INFOPLIST_FILE = "Button HellTests/Info.plist";
				LD_RUNPATH_SEARCH_PATHS = (
					"$(inherited)",
					"@executable_path/Frameworks",
					"@loader_path/Frameworks",
				);
				PRODUCT_BUNDLE_IDENTIFIER = "com.hkim.Button-HellTests";
				PRODUCT_NAME = "$(TARGET_NAME)";
				SWIFT_VERSION = 4.2;
				TARGETED_DEVICE_FAMILY = "1,2";
				TEST_HOST = "$(BUILT_PRODUCTS_DIR)/Button Hell.app/Button Hell";
			};
			name = Release;
		};
		60B2ED5421F76DD900689EB1 /* Debug */ = {
			isa = XCBuildConfiguration;
			buildSettings = {
				ALWAYS_EMBED_SWIFT_STANDARD_LIBRARIES = YES;
				CODE_SIGN_STYLE = Automatic;
				INFOPLIST_FILE = "Button HellUITests/Info.plist";
				LD_RUNPATH_SEARCH_PATHS = (
					"$(inherited)",
					"@executable_path/Frameworks",
					"@loader_path/Frameworks",
				);
				PRODUCT_BUNDLE_IDENTIFIER = "com.hkim.Button-HellUITests";
				PRODUCT_NAME = "$(TARGET_NAME)";
				SWIFT_VERSION = 4.2;
				TARGETED_DEVICE_FAMILY = "1,2";
				TEST_TARGET_NAME = "Button Hell";
			};
			name = Debug;
		};
		60B2ED5521F76DD900689EB1 /* Release */ = {
			isa = XCBuildConfiguration;
			buildSettings = {
				ALWAYS_EMBED_SWIFT_STANDARD_LIBRARIES = YES;
				CODE_SIGN_STYLE = Automatic;
				INFOPLIST_FILE = "Button HellUITests/Info.plist";
				LD_RUNPATH_SEARCH_PATHS = (
					"$(inherited)",
					"@executable_path/Frameworks",
					"@loader_path/Frameworks",
				);
				PRODUCT_BUNDLE_IDENTIFIER = "com.hkim.Button-HellUITests";
				PRODUCT_NAME = "$(TARGET_NAME)";
				SWIFT_VERSION = 4.2;
				TARGETED_DEVICE_FAMILY = "1,2";
				TEST_TARGET_NAME = "Button Hell";
			};
			name = Release;
		};
/* End XCBuildConfiguration section */

/* Begin XCConfigurationList section */
		60B2ED2021F76DD700689EB1 /* Build configuration list for PBXProject "Customized Views" */ = {
			isa = XCConfigurationList;
			buildConfigurations = (
				60B2ED4B21F76DD900689EB1 /* Debug */,
				60B2ED4C21F76DD900689EB1 /* Release */,
			);
			defaultConfigurationIsVisible = 0;
			defaultConfigurationName = Release;
		};
		60B2ED4D21F76DD900689EB1 /* Build configuration list for PBXNativeTarget "Button Hell" */ = {
			isa = XCConfigurationList;
			buildConfigurations = (
				60B2ED4E21F76DD900689EB1 /* Debug */,
				60B2ED4F21F76DD900689EB1 /* Release */,
			);
			defaultConfigurationIsVisible = 0;
			defaultConfigurationName = Release;
		};
		60B2ED5021F76DD900689EB1 /* Build configuration list for PBXNativeTarget "Button HellTests" */ = {
			isa = XCConfigurationList;
			buildConfigurations = (
				60B2ED5121F76DD900689EB1 /* Debug */,
				60B2ED5221F76DD900689EB1 /* Release */,
			);
			defaultConfigurationIsVisible = 0;
			defaultConfigurationName = Release;
		};
		60B2ED5321F76DD900689EB1 /* Build configuration list for PBXNativeTarget "Button HellUITests" */ = {
			isa = XCConfigurationList;
			buildConfigurations = (
				60B2ED5421F76DD900689EB1 /* Debug */,
				60B2ED5521F76DD900689EB1 /* Release */,
			);
			defaultConfigurationIsVisible = 0;
			defaultConfigurationName = Release;
		};
/* End XCConfigurationList section */
	};
	rootObject = 60B2ED1D21F76DD700689EB1 /* Project object */;
}
